
Microsoft Visual Studio Solution File, Format Version 12.00
# Visual Studio Version 16
VisualStudioVersion = 16.0.31829.152
MinimumVisualStudioVersion = 10.0.40219.1
Project("{9A19103F-16F7-4668-BE54-9A1E7A4F7556}") = "RayCastGame", "RayCastGame\RayCastGame.csproj", "{9AFDE367-9DE0-4748-A1BC-13AF39B25B03}"
EndProject
Global
	GlobalSection(SolutionConfigurationPlatforms) = preSolution
		Debug|Any CPU = Debug|Any CPU
		Release|Any CPU = Release|Any CPU
	EndGlobalSection
	GlobalSection(ProjectConfigurationPlatforms) = postSolution
		{9AFDE367-9DE0-4748-A1BC-13AF39B25B03}.Debug|Any CPU.ActiveCfg = Debug|Any CPU
		{9AFDE367-9DE0-4748-A1BC-13AF39B25B03}.Debug|Any CPU.Build.0 = Debug|Any CPU
		{9AFDE367-9DE0-4748-A1BC-13AF39B25B03}.Release|Any CPU.ActiveCfg = Release|Any CPU
		{9AFDE367-9DE0-4748-A1BC-13AF39B25B03}.Release|Any CPU.Build.0 = Release|Any CPU
	EndGlobalSection
	GlobalSection(SolutionProperties) = preSolution
		HideSolutionNode = FALSE
	EndGlobalSection
	GlobalSection(ExtensibilityGlobals) = postSolution
		SolutionGuid = {F76D0D6B-A088-45BB-A7EF-56552BFDE84F}
	EndGlobalSection
EndGlobal
